
Microsoft Visual Studio Solution File, Format Version 12.00
# Visual Studio Version 17
VisualStudioVersion = 17.0.32112.339
MinimumVisualStudioVersion = 10.0.40219.1
Project("{FAE04EC0-301F-11D3-BF4B-00C04F79EFBC}") = "IOC_Container", "IOC_Container.csproj", "{30D9A87F-C344-4599-82EC-509F8DBAC1C9}"
EndProject
Global
	GlobalSection(SolutionConfigurationPlatforms) = preSolution
		Debug|Any CPU = Debug|Any CPU
		Release|Any CPU = Release|Any CPU
	EndGlobalSection
	GlobalSection(ProjectConfigurationPlatforms) = postSolution
		{30D9A87F-C344-4599-82EC-509F8DBAC1C9}.Debug|Any CPU.ActiveCfg = Debug|Any CPU
		{30D9A87F-C344-4599-82EC-509F8DBAC1C9}.Debug|Any CPU.Build.0 = Debug|Any CPU
		{30D9A87F-C344-4599-82EC-509F8DBAC1C9}.Release|Any CPU.ActiveCfg = Release|Any CPU
		{30D9A87F-C344-4599-82EC-509F8DBAC1C9}.Release|Any CPU.Build.0 = Release|Any CPU
	EndGlobalSection
	GlobalSection(SolutionProperties) = preSolution
		HideSolutionNode = FALSE
	EndGlobalSection
	GlobalSection(ExtensibilityGlobals) = postSolution
		SolutionGuid = {3A1B7151-8EF8-4BD0-A486-42736A4BAD24}
	EndGlobalSection
EndGlobal
